
Microsoft Visual Studio Solution File, Format Version 12.00
# Visual Studio 2013
VisualStudioVersion = 12.0.31101.0
MinimumVisualStudioVersion = 10.0.40219.1
Project("{FAE04EC0-301F-11D3-BF4B-00C04F79EFBC}") = "PDFDownloader", "PDFDownloader.csproj", "{BC0B6577-22CD-4DC7-8CB1-ADB3ABC71898}"
EndProject
Global
	GlobalSection(SolutionConfigurationPlatforms) = preSolution
		Debug|Any CPU = Debug|Any CPU
		Release|Any CPU = Release|Any CPU
	EndGlobalSection
	GlobalSection(ProjectConfigurationPlatforms) = postSolution
		{BC0B6577-22CD-4DC7-8CB1-ADB3ABC71898}.Debug|Any CPU.ActiveCfg = Debug|Any CPU
		{BC0B6577-22CD-4DC7-8CB1-ADB3ABC71898}.Debug|Any CPU.Build.0 = Debug|Any CPU
		{BC0B6577-22CD-4DC7-8CB1-ADB3ABC71898}.Release|Any CPU.ActiveCfg = Release|Any CPU
		{BC0B6577-22CD-4DC7-8CB1-ADB3ABC71898}.Release|Any CPU.Build.0 = Release|Any CPU
	EndGlobalSection
	GlobalSection(SolutionProperties) = preSolution
		HideSolutionNode = FALSE
	EndGlobalSection
EndGlobal
